
Microsoft Visual Studio Solution File, Format Version 12.00
# Visual Studio Version 17
VisualStudioVersion = 17.7.34202.233
MinimumVisualStudioVersion = 10.0.40219.1
Project("{FAE04EC0-301F-11D3-BF4B-00C04F79EFBC}") = "homework", "homework\homework.csproj", "{E1AC642E-BB9E-44D7-808C-EB8F135045CC}"
EndProject
Global
	GlobalSection(SolutionConfigurationPlatforms) = preSolution
		Debug|Any CPU = Debug|Any CPU
		Release|Any CPU = Release|Any CPU
	EndGlobalSection
	GlobalSection(ProjectConfigurationPlatforms) = postSolution
		{E1AC642E-BB9E-44D7-808C-EB8F135045CC}.Debug|Any CPU.ActiveCfg = Debug|Any CPU
		{E1AC642E-BB9E-44D7-808C-EB8F135045CC}.Debug|Any CPU.Build.0 = Debug|Any CPU
		{E1AC642E-BB9E-44D7-808C-EB8F135045CC}.Release|Any CPU.ActiveCfg = Release|Any CPU
		{E1AC642E-BB9E-44D7-808C-EB8F135045CC}.Release|Any CPU.Build.0 = Release|Any CPU
	EndGlobalSection
	GlobalSection(SolutionProperties) = preSolution
		HideSolutionNode = FALSE
	EndGlobalSection
	GlobalSection(ExtensibilityGlobals) = postSolution
		SolutionGuid = {0B9E0DAB-9CCE-4CD2-BFF9-29BC74DFD128}
	EndGlobalSection
EndGlobal
